
Microsoft Visual Studio Solution File, Format Version 12.00
# Visual Studio Version 16
VisualStudioVersion = 16.0.29418.71
MinimumVisualStudioVersion = 10.0.40219.1
Project("{FAE04EC0-301F-11D3-BF4B-00C04F79EFBC}") = "PollBackend", "PollBackend\PollBackend.csproj", "{DF6DE40B-56F3-48D0-B37C-19FFAF0C4F86}"
EndProject
Global
	GlobalSection(SolutionConfigurationPlatforms) = preSolution
		Debug|Any CPU = Debug|Any CPU
		Release|Any CPU = Release|Any CPU
	EndGlobalSection
	GlobalSection(ProjectConfigurationPlatforms) = postSolution
		{DF6DE40B-56F3-48D0-B37C-19FFAF0C4F86}.Debug|Any CPU.ActiveCfg = Debug|Any CPU
		{DF6DE40B-56F3-48D0-B37C-19FFAF0C4F86}.Debug|Any CPU.Build.0 = Debug|Any CPU
		{DF6DE40B-56F3-48D0-B37C-19FFAF0C4F86}.Release|Any CPU.ActiveCfg = Release|Any CPU
		{DF6DE40B-56F3-48D0-B37C-19FFAF0C4F86}.Release|Any CPU.Build.0 = Release|Any CPU
	EndGlobalSection
	GlobalSection(SolutionProperties) = preSolution
		HideSolutionNode = FALSE
	EndGlobalSection
	GlobalSection(ExtensibilityGlobals) = postSolution
		SolutionGuid = {2C1E13F1-088E-4FD5-A90A-B12D0D1F018E}
	EndGlobalSection
EndGlobal
